{
    "_readme": [
        "This file locks the dependencies of your project to a known state",
        "Read more about it at https://getcomposer.org/doc/01-basic-usage.md#composer-lock-the-lock-file",
        "This file is @generated automatically"
    ],
    "content-hash": "a366e73cb62ad7625d4f5c7baa383952",
    "packages": [
        {
            "name": "erusev/parsedown",
            "version": "1.6.4",
            "source": {
                "type": "git",
                "url": "https://github.com/erusev/parsedown.git",
                "reference": "fbe3fe878f4fe69048bb8a52783a09802004f548"
            },
            "dist": {
                "type": "zip",
                "url": "https://api.github.com/repos/erusev/parsedown/zipball/fbe3fe878f4fe69048bb8a52783a09802004f548",
                "reference": "fbe3fe878f4fe69048bb8a52783a09802004f548",
                "shasum": ""
            },
            "require": {
                "php": ">=5.3.0"
            },
            "require-dev": {
                "phpunit/phpunit": "^4.8.35"
            },
            "type": "library",
            "autoload": {
                "psr-0": {
                    "Parsedown": ""
                }
            },
            "notification-url": "https://packagist.org/downloads/",
            "license": [
                "MIT"
            ],
            "authors": [
                {
                    "name": "Emanuil Rusev",
                    "email": "hello@erusev.com",
                    "homepage": "http://erusev.com"
                }
            ],
            "description": "Parser for Markdown.",
            "homepage": "http://parsedown.org",
            "keywords": [
                "markdown",
                "parser"
            ],
            "time": "2017-11-14T20:44:03+00:00"
        },
        {
            "name": "scarwu/nanocli",
            "version": "1.1.0",
            "source": {
                "type": "git",
                "url": "https://github.com/scarwu/NanoCLI.git",
                "reference": "6527015baff924b9f50680ae3797d619eaaf56ea"
            },
            "dist": {
                "type": "zip",
                "url": "https://api.github.com/repos/scarwu/NanoCLI/zipball/6527015baff924b9f50680ae3797d619eaaf56ea",
                "reference": "6527015baff924b9f50680ae3797d619eaaf56ea",
                "shasum": ""
            },
            "require": {
                "php": ">=5.4.0"
            },
            "require-dev": {
                "phpunit/php-invoker": "1.1.*",
                "phpunit/phpunit": "4.0.*"
            },
            "type": "library",
            "autoload": {
                "psr-0": {
                    "NanoCLI": "src"
                }
            },
            "notification-url": "https://packagist.org/downloads/",
            "license": [
                "MIT"
            ],
            "authors": [
                {
                    "name": "Scar Wu",
                    "email": "xneriscool@gmail.com",
                    "homepage": "http://scar.simcz.tw"
                }
            ],
            "description": "A Simply PHP CLI Development Tools",
            "homepage": "https://github.com/scarwu/NanoCLI",
            "time": "2017-01-08T15:50:44+00:00"
        },
        {
            "name": "scarwu/pack",
            "version": "dev-master",
            "source": {
                "type": "git",
                "url": "https://github.com/scarwu/Pack.git",
                "reference": "284e3273b18ac963f597893059c0b0d34fa15695"
            },
            "dist": {
                "type": "zip",
                "url": "https://api.github.com/repos/scarwu/Pack/zipball/284e3273b18ac963f597893059c0b0d34fa15695",
                "reference": "284e3273b18ac963f597893059c0b0d34fa15695",
                "shasum": ""
            },
            "require": {
                "php": ">=5.4.0"
            },
            "require-dev": {
                "phpunit/php-invoker": "1.1.*",
                "phpunit/phpunit": "4.0.*"
            },
            "type": "library",
            "autoload": {
                "psr-0": {
                    "Pack": "src"
                }
            },
            "notification-url": "https://packagist.org/downloads/",
            "license": [
                "MIT"
            ],
            "authors": [
                {
                    "name": "Scar Wu",
                    "email": "xneriscool@gmail.com",
                    "homepage": "http://scar.simcz.tw"
                }
            ],
            "description": "Pack CSS, JavaScript and HTML File",
            "homepage": "https://github.com/scarwu/Pack",
            "time": "2014-05-16T16:46:21+00:00"
        }
    ],
    "packages-dev": [],
    "aliases": [],
    "minimum-stability": "stable",
    "stability-flags": {
        "scarwu/pack": 20
    },
    "prefer-stable": false,
    "prefer-lowest": false,
    "platform": [],
    "platform-dev": []
}
