{
    "_readme": [
        "This file locks the dependencies of your project to a known state",
        "Read more about it at https://getcomposer.org/doc/01-basic-usage.md#composer-lock-the-lock-file",
        "This file is @generated automatically"
    ],
    "hash": "4b4c0ec3740b6798aae747664b3e749d",
    "content-hash": "6cc4774de0a2e60920cc5e222bd9a230",
    "packages": [
        {
            "name": "erusev/parsedown",
            "version": "1.6.1",
            "source": {
                "type": "git",
                "url": "https://github.com/erusev/parsedown.git",
                "reference": "20ff8bbb57205368b4b42d094642a3e52dac85fb"
            },
            "dist": {
                "type": "zip",
                "url": "https://api.github.com/repos/erusev/parsedown/zipball/20ff8bbb57205368b4b42d094642a3e52dac85fb",
                "reference": "20ff8bbb57205368b4b42d094642a3e52dac85fb",
                "shasum": ""
            },
            "require": {
                "php": ">=5.3.0"
            },
            "type": "library",
            "autoload": {
                "psr-0": {
                    "Parsedown": ""
                }
            },
            "notification-url": "https://packagist.org/downloads/",
            "license": [
                "MIT"
            ],
            "authors": [
                {
                    "name": "Emanuil Rusev",
                    "email": "hello@erusev.com",
                    "homepage": "http://erusev.com"
                }
            ],
            "description": "Parser for Markdown.",
            "homepage": "http://parsedown.org",
            "keywords": [
                "markdown",
                "parser"
            ],
            "time": "2016-11-02 15:56:58"
        },
        {
            "name": "scarwu/nanocli",
            "version": "v1.0.0",
            "source": {
                "type": "git",
                "url": "https://github.com/scarwu/NanoCLI.git",
                "reference": "ce0007a467565e0d576c537f9e5cd48f42574b5d"
            },
            "dist": {
                "type": "zip",
                "url": "https://api.github.com/repos/scarwu/NanoCLI/zipball/ce0007a467565e0d576c537f9e5cd48f42574b5d",
                "reference": "ce0007a467565e0d576c537f9e5cd48f42574b5d",
                "shasum": ""
            },
            "require": {
                "php": ">=5.4.0"
            },
            "require-dev": {
                "phpunit/php-invoker": "1.1.*",
                "phpunit/phpunit": "4.0.*"
            },
            "type": "library",
            "autoload": {
                "psr-0": {
                    "NanoCLI": "src"
                }
            },
            "notification-url": "https://packagist.org/downloads/",
            "license": [
                "MIT"
            ],
            "authors": [
                {
                    "name": "Scar Wu",
                    "email": "xneriscool@gmail.com",
                    "homepage": "http://scar.simcz.tw"
                }
            ],
            "description": "A Simply PHP CLI Development Tools",
            "homepage": "https://github.com/scarwu/NanoCLI",
            "time": "2016-12-31 08:34:17"
        },
        {
            "name": "scarwu/pack",
            "version": "dev-master",
            "source": {
                "type": "git",
                "url": "https://github.com/scarwu/Pack.git",
                "reference": "284e3273b18ac963f597893059c0b0d34fa15695"
            },
            "dist": {
                "type": "zip",
                "url": "https://api.github.com/repos/scarwu/Pack/zipball/284e3273b18ac963f597893059c0b0d34fa15695",
                "reference": "284e3273b18ac963f597893059c0b0d34fa15695",
                "shasum": ""
            },
            "require": {
                "php": ">=5.4.0"
            },
            "require-dev": {
                "phpunit/php-invoker": "1.1.*",
                "phpunit/phpunit": "4.0.*"
            },
            "type": "library",
            "autoload": {
                "psr-0": {
                    "Pack": "src"
                }
            },
            "notification-url": "https://packagist.org/downloads/",
            "license": [
                "MIT"
            ],
            "authors": [
                {
                    "name": "Scar Wu",
                    "email": "xneriscool@gmail.com",
                    "homepage": "http://scar.simcz.tw"
                }
            ],
            "description": "Pack CSS, JavaScript and HTML File",
            "homepage": "https://github.com/scarwu/Pack",
            "time": "2014-05-16 16:46:21"
        }
    ],
    "packages-dev": [],
    "aliases": [],
    "minimum-stability": "stable",
    "stability-flags": {
        "scarwu/pack": 20
    },
    "prefer-stable": false,
    "prefer-lowest": false,
    "platform": [],
    "platform-dev": []
}
